
Microsoft Visual Studio Solution File, Format Version 12.00
Project("{FAE04EC0-301F-11D3-BF4B-00C04F79EFBC}") = "Domain", "src\Domain\Domain.csproj", "{4AECB9DA-C785-4321-A919-F708DB89AF6F}"
EndProject
Project("{FAE04EC0-301F-11D3-BF4B-00C04F79EFBC}") = "Application", "src\Application\Application.csproj", "{BC23AD86-57EC-4F4A-AEB7-7007428D65A8}"
EndProject
Project("{FAE04EC0-301F-11D3-BF4B-00C04F79EFBC}") = "Infrastructure", "src\Infrastructure\Infrastructure.csproj", "{FDA5A670-254F-4BFA-8D19-687CEBC1BB98}"
EndProject
Project("{FAE04EC0-301F-11D3-BF4B-00C04F79EFBC}") = "HostedService", "src\HostedService\HostedService.csproj", "{CD143E26-63F7-448E-9D61-4041428F77B5}"
EndProject
Project("{FAE04EC0-301F-11D3-BF4B-00C04F79EFBC}") = "API", "src\API\API.csproj", "{47D20661-7605-42FB-8CCF-02352E6A7C29}"
EndProject
Project("{2150E333-8FDC-42A3-9474-1A3956D46DE8}") = "src", "src", "{91DDF067-1FAF-4601-9F4E-9DE643A4C3D2}"
EndProject
Project("{2150E333-8FDC-42A3-9474-1A3956D46DE8}") = "tests", "tests", "{927FB572-12BA-4904-84B7-60AB6F713097}"
EndProject
Project("{FAE04EC0-301F-11D3-BF4B-00C04F79EFBC}") = "Domain.UnitTests", "tests\Domain.UnitTests\Domain.UnitTests.csproj", "{D62FFB7B-6FE5-47DE-8676-AA02A6DC00F3}"
EndProject
Project("{FAE04EC0-301F-11D3-BF4B-00C04F79EFBC}") = "Application.UnitTests", "tests\Application.UnitTests\Application.UnitTests.csproj", "{B4E33D5F-9B3F-4014-BB6E-6E3D8B2C86A8}"
EndProject
Project("{FAE04EC0-301F-11D3-BF4B-00C04F79EFBC}") = "Application.IntegrationTests", "tests\Application.IntegrationTests\Application.IntegrationTests.csproj", "{254D8BCE-D63B-4508-A96F-F554D2FE0842}"
EndProject
Global
	GlobalSection(SolutionConfigurationPlatforms) = preSolution
		Debug|Any CPU = Debug|Any CPU
		Release|Any CPU = Release|Any CPU
	EndGlobalSection
	GlobalSection(ProjectConfigurationPlatforms) = postSolution
		{4AECB9DA-C785-4321-A919-F708DB89AF6F}.Debug|Any CPU.ActiveCfg = Debug|Any CPU
		{4AECB9DA-C785-4321-A919-F708DB89AF6F}.Debug|Any CPU.Build.0 = Debug|Any CPU
		{4AECB9DA-C785-4321-A919-F708DB89AF6F}.Release|Any CPU.ActiveCfg = Release|Any CPU
		{4AECB9DA-C785-4321-A919-F708DB89AF6F}.Release|Any CPU.Build.0 = Release|Any CPU
		{BC23AD86-57EC-4F4A-AEB7-7007428D65A8}.Debug|Any CPU.ActiveCfg = Debug|Any CPU
		{BC23AD86-57EC-4F4A-AEB7-7007428D65A8}.Debug|Any CPU.Build.0 = Debug|Any CPU
		{BC23AD86-57EC-4F4A-AEB7-7007428D65A8}.Release|Any CPU.ActiveCfg = Release|Any CPU
		{BC23AD86-57EC-4F4A-AEB7-7007428D65A8}.Release|Any CPU.Build.0 = Release|Any CPU
		{FDA5A670-254F-4BFA-8D19-687CEBC1BB98}.Debug|Any CPU.ActiveCfg = Debug|Any CPU
		{FDA5A670-254F-4BFA-8D19-687CEBC1BB98}.Debug|Any CPU.Build.0 = Debug|Any CPU
		{FDA5A670-254F-4BFA-8D19-687CEBC1BB98}.Release|Any CPU.ActiveCfg = Release|Any CPU
		{FDA5A670-254F-4BFA-8D19-687CEBC1BB98}.Release|Any CPU.Build.0 = Release|Any CPU
		{CD143E26-63F7-448E-9D61-4041428F77B5}.Debug|Any CPU.ActiveCfg = Debug|Any CPU
		{CD143E26-63F7-448E-9D61-4041428F77B5}.Debug|Any CPU.Build.0 = Debug|Any CPU
		{CD143E26-63F7-448E-9D61-4041428F77B5}.Release|Any CPU.ActiveCfg = Release|Any CPU
		{CD143E26-63F7-448E-9D61-4041428F77B5}.Release|Any CPU.Build.0 = Release|Any CPU
		{47D20661-7605-42FB-8CCF-02352E6A7C29}.Debug|Any CPU.ActiveCfg = Debug|Any CPU
		{47D20661-7605-42FB-8CCF-02352E6A7C29}.Debug|Any CPU.Build.0 = Debug|Any CPU
		{47D20661-7605-42FB-8CCF-02352E6A7C29}.Release|Any CPU.ActiveCfg = Release|Any CPU
		{47D20661-7605-42FB-8CCF-02352E6A7C29}.Release|Any CPU.Build.0 = Release|Any CPU
		{D62FFB7B-6FE5-47DE-8676-AA02A6DC00F3}.Debug|Any CPU.ActiveCfg = Debug|Any CPU
		{D62FFB7B-6FE5-47DE-8676-AA02A6DC00F3}.Debug|Any CPU.Build.0 = Debug|Any CPU
		{D62FFB7B-6FE5-47DE-8676-AA02A6DC00F3}.Release|Any CPU.ActiveCfg = Release|Any CPU
		{D62FFB7B-6FE5-47DE-8676-AA02A6DC00F3}.Release|Any CPU.Build.0 = Release|Any CPU
		{B4E33D5F-9B3F-4014-BB6E-6E3D8B2C86A8}.Debug|Any CPU.ActiveCfg = Debug|Any CPU
		{B4E33D5F-9B3F-4014-BB6E-6E3D8B2C86A8}.Debug|Any CPU.Build.0 = Debug|Any CPU
		{B4E33D5F-9B3F-4014-BB6E-6E3D8B2C86A8}.Release|Any CPU.ActiveCfg = Release|Any CPU
		{B4E33D5F-9B3F-4014-BB6E-6E3D8B2C86A8}.Release|Any CPU.Build.0 = Release|Any CPU
		{254D8BCE-D63B-4508-A96F-F554D2FE0842}.Debug|Any CPU.ActiveCfg = Debug|Any CPU
		{254D8BCE-D63B-4508-A96F-F554D2FE0842}.Debug|Any CPU.Build.0 = Debug|Any CPU
		{254D8BCE-D63B-4508-A96F-F554D2FE0842}.Release|Any CPU.ActiveCfg = Release|Any CPU
		{254D8BCE-D63B-4508-A96F-F554D2FE0842}.Release|Any CPU.Build.0 = Release|Any CPU
	EndGlobalSection
	GlobalSection(NestedProjects) = preSolution
		{47D20661-7605-42FB-8CCF-02352E6A7C29} = {91DDF067-1FAF-4601-9F4E-9DE643A4C3D2}
		{BC23AD86-57EC-4F4A-AEB7-7007428D65A8} = {91DDF067-1FAF-4601-9F4E-9DE643A4C3D2}
		{4AECB9DA-C785-4321-A919-F708DB89AF6F} = {91DDF067-1FAF-4601-9F4E-9DE643A4C3D2}
		{CD143E26-63F7-448E-9D61-4041428F77B5} = {91DDF067-1FAF-4601-9F4E-9DE643A4C3D2}
		{FDA5A670-254F-4BFA-8D19-687CEBC1BB98} = {91DDF067-1FAF-4601-9F4E-9DE643A4C3D2}
		{D62FFB7B-6FE5-47DE-8676-AA02A6DC00F3} = {927FB572-12BA-4904-84B7-60AB6F713097}
		{B4E33D5F-9B3F-4014-BB6E-6E3D8B2C86A8} = {927FB572-12BA-4904-84B7-60AB6F713097}
		{254D8BCE-D63B-4508-A96F-F554D2FE0842} = {927FB572-12BA-4904-84B7-60AB6F713097}
	EndGlobalSection
EndGlobal
